# This file is @generated by PDM.
# It is not intended for manual editing.

[metadata]
groups = ["default", "dev"]
strategy = ["inherit_metadata"]
lock_version = "4.5.0"
content_hash = "sha256:a4eeff26e8b801df46a7207d01b2ed50896ed308325ed03469e09280b049086d"

[[metadata.targets]]
requires_python = ">=3.13"

[[package]]
name = "annotated-doc"
version = "0.0.3"
requires_python = ">=3.8"
summary = "Document parameters, class attributes, return types, and variables inline, with Annotated."
groups = ["default"]
files = [
    {file = "annotated_doc-0.0.3-py3-none-any.whl", hash = "sha256:348ec6664a76f1fd3be81f43dffbee4c7e8ce931ba71ec67cc7f4ade7fbbb580"},
    {file = "annotated_doc-0.0.3.tar.gz", hash = "sha256:e18370014c70187422c33e945053ff4c286f453a984eba84d0dbfa0c935adeda"},
]

[[package]]
name = "annotated-types"
version = "0.7.0"
requires_python = ">=3.8"
summary = "Reusable constraint types to use with typing.Annotated"
groups = ["default"]
dependencies = [
    "typing-extensions>=4.0.0; python_version < \"3.9\"",
]
files = [
    {file = "annotated_types-0.7.0-py3-none-any.whl", hash = "sha256:1f02e8b43a8fbbc3f3e0d4f0f4bfc8131bcb4eebe8849b8e5c773f3a1c582a53"},
    {file = "annotated_types-0.7.0.tar.gz", hash = "sha256:aff07c09a53a08bc8cfccb9c85b05f1aa9a2a6f23728d790723543408344ce89"},
]

[[package]]
name = "anyio"
version = "4.11.0"
requires_python = ">=3.9"
summary = "High-level concurrency and networking framework on top of asyncio or Trio"
groups = ["default"]
dependencies = [
    "exceptiongroup>=1.0.2; python_version < \"3.11\"",
    "idna>=2.8",
    "sniffio>=1.1",
    "typing-extensions>=4.5; python_version < \"3.13\"",
]
files = [
    {file = "anyio-4.11.0-py3-none-any.whl", hash = "sha256:0287e96f4d26d4149305414d4e3bc32f0dcd0862365a4bddea19d7a1ec38c4fc"},
    {file = "anyio-4.11.0.tar.gz", hash = "sha256:82a8d0b81e318cc5ce71a5f1f8b5c4e63619620b63141ef8c995fa0db95a57c4"},
]

[[package]]
name = "black"
version = "25.11.0"
requires_python = ">=3.9"
summary = "The uncompromising code formatter."
groups = ["dev"]
dependencies = [
    "click>=8.0.0",
    "mypy-extensions>=0.4.3",
    "packaging>=22.0",
    "pathspec>=0.9.0",
    "platformdirs>=2",
    "pytokens>=0.3.0",
    "tomli>=1.1.0; python_version < \"3.11\"",
    "typing-extensions>=4.0.1; python_version < \"3.11\"",
]
files = [
    {file = "black-25.11.0-cp313-cp313-macosx_10_13_x86_64.whl", hash = "sha256:0a1d40348b6621cc20d3d7530a5b8d67e9714906dfd7346338249ad9c6cedf2b"},
    {file = "black-25.11.0-cp313-cp313-macosx_11_0_arm64.whl", hash = "sha256:51c65d7d60bb25429ea2bf0731c32b2a2442eb4bd3b2afcb47830f0b13e58bfd"},
    {file = "black-25.11.0-cp313-cp313-manylinux2014_x86_64.manylinux_2_17_x86_64.manylinux_2_28_x86_64.whl", hash = "sha256:936c4dd07669269f40b497440159a221ee435e3fddcf668e0c05244a9be71993"},
    {file = "black-25.11.0-cp313-cp313-win_amd64.whl", hash = "sha256:f42c0ea7f59994490f4dccd64e6b2dd49ac57c7c84f38b8faab50f8759db245c"},
    {file = "black-25.11.0-cp314-cp314-macosx_10_15_x86_64.whl", hash = "sha256:35690a383f22dd3e468c85dc4b915217f87667ad9cce781d7b42678ce63c4170"},
    {file = "black-25.11.0-cp314-cp314-macosx_11_0_arm64.whl", hash = "sha256:dae49ef7369c6caa1a1833fd5efb7c3024bb7e4499bf64833f65ad27791b1545"},
    {file = "black-25.11.0-cp314-cp314-manylinux2014_x86_64.manylinux_2_17_x86_64.manylinux_2_28_x86_64.whl", hash = "sha256:5bd4a22a0b37401c8e492e994bce79e614f91b14d9ea911f44f36e262195fdda"},
    {file = "black-25.11.0-cp314-cp314-win_amd64.whl", hash = "sha256:aa211411e94fdf86519996b7f5f05e71ba34835d8f0c0f03c00a26271da02664"},
    {file = "black-25.11.0-py3-none-any.whl", hash = "sha256:e3f562da087791e96cefcd9dda058380a442ab322a02e222add53736451f604b"},
    {file = "black-25.11.0.tar.gz", hash = "sha256:9a323ac32f5dc75ce7470501b887250be5005a01602e931a15e45593f70f6e08"},
]

[[package]]
name = "click"
version = "8.3.0"
requires_python = ">=3.10"
summary = "Composable command line interface toolkit"
groups = ["dev"]
dependencies = [
    "colorama; platform_system == \"Windows\"",
]
files = [
    {file = "click-8.3.0-py3-none-any.whl", hash = "sha256:9b9f285302c6e3064f4330c05f05b81945b2a39544279343e6e7c5f27a9baddc"},
    {file = "click-8.3.0.tar.gz", hash = "sha256:e7b8232224eba16f4ebe410c25ced9f7875cb5f3263ffc93cc3e8da705e229c4"},
]

[[package]]
name = "colorama"
version = "0.4.6"
requires_python = "!=3.0.*,!=3.1.*,!=3.2.*,!=3.3.*,!=3.4.*,!=3.5.*,!=3.6.*,>=2.7"
summary = "Cross-platform colored terminal text."
groups = ["dev"]
marker = "platform_system == \"Windows\""
files = [
    {file = "colorama-0.4.6-py2.py3-none-any.whl", hash = "sha256:4f1d9991f5acc0ca119f9d443620b77f9d6b33703e51011c16baf57afb285fc6"},
    {file = "colorama-0.4.6.tar.gz", hash = "sha256:08695f5cb7ed6e0531a20572697297273c47b8cae5a63ffc6d6ed5c201be6e44"},
]

[[package]]
name = "fastapi"
version = "0.121.1"
requires_python = ">=3.8"
summary = "FastAPI framework, high performance, easy to learn, fast to code, ready for production"
groups = ["default"]
dependencies = [
    "annotated-doc>=0.0.2",
    "pydantic!=1.8,!=1.8.1,!=2.0.0,!=2.0.1,!=2.1.0,<3.0.0,>=1.7.4",
    "starlette<0.50.0,>=0.40.0",
    "typing-extensions>=4.8.0",
]
files = [
    {file = "fastapi-0.121.1-py3-none-any.whl", hash = "sha256:2c5c7028bc3a58d8f5f09aecd3fd88a000ccc0c5ad627693264181a3c33aa1fc"},
    {file = "fastapi-0.121.1.tar.gz", hash = "sha256:b6dba0538fd15dab6fe4d3e5493c3957d8a9e1e9257f56446b5859af66f32441"},
]

[[package]]
name = "hiredis"
version = "3.3.0"
requires_python = ">=3.8"
summary = "Python wrapper for hiredis"
groups = ["default"]
files = [
    {file = "hiredis-3.3.0-cp313-cp313-macosx_10_15_universal2.whl", hash = "sha256:b7048b4ec0d5dddc8ddd03da603de0c4b43ef2540bf6e4c54f47d23e3480a4fa"},
    {file = "hiredis-3.3.0-cp313-cp313-macosx_10_15_x86_64.whl", hash = "sha256:e5f86ce5a779319c15567b79e0be806e8e92c18bb2ea9153e136312fafa4b7d6"},
    {file = "hiredis-3.3.0-cp313-cp313-macosx_11_0_arm64.whl", hash = "sha256:fbdb97a942e66016fff034df48a7a184e2b7dc69f14c4acd20772e156f20d04b"},
    {file = "hiredis-3.3.0-cp313-cp313-manylinux2014_aarch64.manylinux_2_17_aarch64.manylinux_2_28_aarch64.whl", hash = "sha256:b0fb4bea72fe45ff13e93ddd1352b43ff0749f9866263b5cca759a4c960c776f"},
    {file = "hiredis-3.3.0-cp313-cp313-manylinux2014_ppc64le.manylinux_2_17_ppc64le.manylinux_2_28_ppc64le.whl", hash = "sha256:85b9baf98050e8f43c2826ab46aaf775090d608217baf7af7882596aef74e7f9"},
    {file = "hiredis-3.3.0-cp313-cp313-manylinux2014_s390x.manylinux_2_17_s390x.manylinux_2_28_s390x.whl", hash = "sha256:69079fb0f0ebb61ba63340b9c4bce9388ad016092ca157e5772eb2818209d930"},
    {file = "hiredis-3.3.0-cp313-cp313-manylinux2014_x86_64.manylinux_2_17_x86_64.manylinux_2_28_x86_64.whl", hash = "sha256:c17f77b79031ea4b0967d30255d2ae6e7df0603ee2426ad3274067f406938236"},
    {file = "hiredis-3.3.0-cp313-cp313-musllinux_1_2_aarch64.whl", hash = "sha256:45d14f745fc177bc05fc24bdf20e2b515e9a068d3d4cce90a0fb78d04c9c9d9a"},
    {file = "hiredis-3.3.0-cp313-cp313-musllinux_1_2_ppc64le.whl", hash = "sha256:ba063fdf1eff6377a0c409609cbe890389aefddfec109c2d20fcc19cfdafe9da"},
    {file = "hiredis-3.3.0-cp313-cp313-musllinux_1_2_s390x.whl", hash = "sha256:1799cc66353ad066bfdd410135c951959da9f16bcb757c845aab2f21fc4ef099"},
    {file = "hiredis-3.3.0-cp313-cp313-musllinux_1_2_x86_64.whl", hash = "sha256:2cbf71a121996ffac82436b6153290815b746afb010cac19b3290a1644381b07"},
    {file = "hiredis-3.3.0-cp313-cp313-win32.whl", hash = "sha256:a7cbbc6026bf03659f0b25e94bbf6e64f6c8c22f7b4bc52fe569d041de274194"},
    {file = "hiredis-3.3.0-cp313-cp313-win_amd64.whl", hash = "sha256:a8def89dd19d4e2e4482b7412d453dec4a5898954d9a210d7d05f60576cedef6"},
    {file = "hiredis-3.3.0-cp314-cp314-macosx_10_15_universal2.whl", hash = "sha256:c135bda87211f7af9e2fd4e046ab433c576cd17b69e639a0f5bb2eed5e0e71a9"},
    {file = "hiredis-3.3.0-cp314-cp314-macosx_10_15_x86_64.whl", hash = "sha256:2f855c678230aed6fc29b962ce1cc67e5858a785ef3a3fd6b15dece0487a2e60"},
    {file = "hiredis-3.3.0-cp314-cp314-macosx_11_0_arm64.whl", hash = "sha256:4059c78a930cbb33c391452ccce75b137d6f89e2eebf6273d75dafc5c2143c03"},
    {file = "hiredis-3.3.0-cp314-cp314-manylinux2014_aarch64.manylinux_2_17_aarch64.manylinux_2_28_aarch64.whl", hash = "sha256:334a3f1d14c253bb092e187736c3384203bd486b244e726319bbb3f7dffa4a20"},
    {file = "hiredis-3.3.0-cp314-cp314-manylinux2014_ppc64le.manylinux_2_17_ppc64le.manylinux_2_28_ppc64le.whl", hash = "sha256:fd137b147235447b3d067ec952c5b9b95ca54b71837e1b38dbb2ec03b89f24fc"},
    {file = "hiredis-3.3.0-cp314-cp314-manylinux2014_s390x.manylinux_2_17_s390x.manylinux_2_28_s390x.whl", hash = "sha256:8f88f4f2aceb73329ece86a1cb0794fdbc8e6d614cb5ca2d1023c9b7eb432db8"},
    {file = "hiredis-3.3.0-cp314-cp314-manylinux2014_x86_64.manylinux_2_17_x86_64.manylinux_2_28_x86_64.whl", hash = "sha256:550f4d1538822fc75ebf8cf63adc396b23d4958bdbbad424521f2c0e3dfcb169"},
    {file = "hiredis-3.3.0-cp314-cp314-musllinux_1_2_aarch64.whl", hash = "sha256:54b14211fbd5930fc696f6fcd1f1f364c660970d61af065a80e48a1fa5464dd6"},
    {file = "hiredis-3.3.0-cp314-cp314-musllinux_1_2_ppc64le.whl", hash = "sha256:c9e96f63dbc489fc86f69951e9f83dadb9582271f64f6822c47dcffa6fac7e4a"},
    {file = "hiredis-3.3.0-cp314-cp314-musllinux_1_2_s390x.whl", hash = "sha256:106e99885d46684d62ab3ec1d6b01573cc0e0083ac295b11aaa56870b536c7ec"},
    {file = "hiredis-3.3.0-cp314-cp314-musllinux_1_2_x86_64.whl", hash = "sha256:087e2ef3206361281b1a658b5b4263572b6ba99465253e827796964208680459"},
    {file = "hiredis-3.3.0-cp314-cp314-win32.whl", hash = "sha256:80638ebeab1cefda9420e9fedc7920e1ec7b4f0513a6b23d58c9d13c882f8065"},
    {file = "hiredis-3.3.0-cp314-cp314-win_amd64.whl", hash = "sha256:a68aaf9ba024f4e28cf23df9196ff4e897bd7085872f3a30644dca07fa787816"},
    {file = "hiredis-3.3.0-cp314-cp314t-macosx_10_15_universal2.whl", hash = "sha256:f7f80442a32ce51ee5d89aeb5a84ee56189a0e0e875f1a57bbf8d462555ae48f"},
    {file = "hiredis-3.3.0-cp314-cp314t-macosx_10_15_x86_64.whl", hash = "sha256:a1a67530da714954ed50579f4fe1ab0ddbac9c43643b1721c2cb226a50dde263"},
    {file = "hiredis-3.3.0-cp314-cp314t-macosx_11_0_arm64.whl", hash = "sha256:616868352e47ab355559adca30f4f3859f9db895b4e7bc71e2323409a2add751"},
    {file = "hiredis-3.3.0-cp314-cp314t-manylinux2014_aarch64.manylinux_2_17_aarch64.manylinux_2_28_aarch64.whl", hash = "sha256:e799b79f3150083e9702fc37e6243c0bd47a443d6eae3f3077b0b3f510d6a145"},
    {file = "hiredis-3.3.0-cp314-cp314t-manylinux2014_ppc64le.manylinux_2_17_ppc64le.manylinux_2_28_ppc64le.whl", hash = "sha256:9ef1dfb0d2c92c3701655e2927e6bbe10c499aba632c7ea57b6392516df3864b"},
    {file = "hiredis-3.3.0-cp314-cp314t-manylinux2014_s390x.manylinux_2_17_s390x.manylinux_2_28_s390x.whl", hash = "sha256:c290da6bc2a57e854c7da9956cd65013483ede935677e84560da3b848f253596"},
    {file = "hiredis-3.3.0-cp314-cp314t-manylinux2014_x86_64.manylinux_2_17_x86_64.manylinux_2_28_x86_64.whl", hash = "sha256:fd8c438d9e1728f0085bf9b3c9484d19ec31f41002311464e75b69550c32ffa8"},
    {file = "hiredis-3.3.0-cp314-cp314t-musllinux_1_2_aarch64.whl", hash = "sha256:1bbc6b8a88bbe331e3ebf6685452cebca6dfe6d38a6d4efc5651d7e363ba28bd"},
    {file = "hiredis-3.3.0-cp314-cp314t-musllinux_1_2_ppc64le.whl", hash = "sha256:55d8c18fe9a05496c5c04e6eccc695169d89bf358dff964bcad95696958ec05f"},
    {file = "hiredis-3.3.0-cp314-cp314t-musllinux_1_2_s390x.whl", hash = "sha256:4ddc79afa76b805d364e202a754666cb3c4d9c85153cbfed522871ff55827838"},
    {file = "hiredis-3.3.0-cp314-cp314t-musllinux_1_2_x86_64.whl", hash = "sha256:8e8a4b8540581dcd1b2b25827a54cfd538e0afeaa1a0e3ca87ad7126965981cc"},
    {file = "hiredis-3.3.0-cp314-cp314t-win32.whl", hash = "sha256:298593bb08487753b3afe6dc38bac2532e9bac8dcee8d992ef9977d539cc6776"},
    {file = "hiredis-3.3.0-cp314-cp314t-win_amd64.whl", hash = "sha256:b442b6ab038a6f3b5109874d2514c4edf389d8d8b553f10f12654548808683bc"},
    {file = "hiredis-3.3.0.tar.gz", hash = "sha256:105596aad9249634361815c574351f1bd50455dc23b537c2940066c4a9dea685"},
]

[[package]]
name = "idna"
version = "3.11"
requires_python = ">=3.8"
summary = "Internationalized Domain Names in Applications (IDNA)"
groups = ["default"]
files = [
    {file = "idna-3.11-py3-none-any.whl", hash = "sha256:771a87f49d9defaf64091e6e6fe9c18d4833f140bd19464795bc32d966ca37ea"},
    {file = "idna-3.11.tar.gz", hash = "sha256:795dafcc9c04ed0c1fb032c2aa73654d8e8c5023a7df64a53f39190ada629902"},
]

[[package]]
name = "isal"
version = "1.8.0"
requires_python = ">=3.9"
summary = "Faster zlib and gzip compatible compression and decompression by providing python bindings for the ISA-L ibrary."
groups = ["default"]
files = [
    {file = "isal-1.8.0-cp313-cp313-macosx_10_13_x86_64.whl", hash = "sha256:f9072de73d7e896f3785f1e5df7859d051424f17aa678a86f6e204c2f653b3ef"},
    {file = "isal-1.8.0-cp313-cp313-macosx_11_0_arm64.whl", hash = "sha256:57baeb782f14714adab7990402fe965f11f88c7de9456de3c5426c378c476de3"},
    {file = "isal-1.8.0-cp313-cp313-manylinux2014_aarch64.manylinux_2_17_aarch64.manylinux_2_28_aarch64.whl", hash = "sha256:1ced06c2e71028fc6755edec6a9de4f1f680fdc7dd22497de3118729043e8f28"},
    {file = "isal-1.8.0-cp313-cp313-manylinux2014_x86_64.manylinux_2_17_x86_64.manylinux_2_28_x86_64.whl", hash = "sha256:df4550061cbc828def0e19f7cf59c8dfe8d585869bd33ed4c5ddf6f1c477f640"},
    {file = "isal-1.8.0-cp313-cp313-musllinux_1_2_aarch64.whl", hash = "sha256:5461b34053badb6a555601e39130a4e7d801e32d5c745adba2ed1ffe50583a8b"},
    {file = "isal-1.8.0-cp313-cp313-musllinux_1_2_x86_64.whl", hash = "sha256:2c91bc9d0421fdf86b3a377cef6b9c58e84104e3d5b69dd02a83ca8190823153"},
    {file = "isal-1.8.0-cp313-cp313-win_amd64.whl", hash = "sha256:e1b2118cdc4b4813f679d6b941ec3f9db8d433c260df02fbc5fc6e2a007457b8"},
    {file = "isal-1.8.0-cp314-cp314-macosx_10_13_x86_64.whl", hash = "sha256:272293b48fdd50b86b5c19fbae8b5938aad2efa1768d3ef66f070269c0420261"},
    {file = "isal-1.8.0-cp314-cp314-macosx_11_0_arm64.whl", hash = "sha256:26496d4dcc1bd473c0a0fd9302c6e97d994741a5109590afade60fb9896270da"},
    {file = "isal-1.8.0-cp314-cp314-manylinux2014_aarch64.manylinux_2_17_aarch64.manylinux_2_28_aarch64.whl", hash = "sha256:65695e42335249503b4af05773d556d01c2d6906473606b0d144f4aa03bf41dd"},
    {file = "isal-1.8.0-cp314-cp314-manylinux2014_x86_64.manylinux_2_17_x86_64.manylinux_2_28_x86_64.whl", hash = "sha256:1e7228932f08622d0463777106fcdc29d1ddc53900dd05257eea2c6a59094f6a"},
    {file = "isal-1.8.0-cp314-cp314-musllinux_1_2_aarch64.whl", hash = "sha256:f2204027a4cca57815ead299976c8afc94fae18ffb9287d5771d01cc907899ee"},
    {file = "isal-1.8.0-cp314-cp314-musllinux_1_2_x86_64.whl", hash = "sha256:f437ea6b084343711e9f80245392b73dfdd7e7ed9d3555a3be399f05538217a7"},
    {file = "isal-1.8.0-cp314-cp314-win_amd64.whl", hash = "sha256:1f4349bc7eb446977e9977d6c746e0a7b7089a34f234780c7636da525227a421"},
    {file = "isal-1.8.0-cp314-cp314t-macosx_10_13_x86_64.whl", hash = "sha256:f2bc7f828f93db859d05b20658389917082dadff91d10e097e493b68a24b2f23"},
    {file = "isal-1.8.0-cp314-cp314t-macosx_11_0_arm64.whl", hash = "sha256:8778153b53f36db545671c077a8f20734f7d34d7bdbc521bbe197aabfc6358d2"},
    {file = "isal-1.8.0-cp314-cp314t-manylinux2014_aarch64.manylinux_2_17_aarch64.manylinux_2_28_aarch64.whl", hash = "sha256:a0adc3d7354f79a25bd7c20a42d6a257ff9ade54b709b40a5ce05f0eb7085134"},
    {file = "isal-1.8.0-cp314-cp314t-manylinux2014_x86_64.manylinux_2_17_x86_64.manylinux_2_28_x86_64.whl", hash = "sha256:31662c3939b5653e29770e78eacf399dee8082486a3033c52e139108ee7f8767"},
    {file = "isal-1.8.0-cp314-cp314t-musllinux_1_2_aarch64.whl", hash = "sha256:e4f46ec4289e8dc74777a0199528f612f2b8aecd9f60a932990a4f66062bc509"},
    {file = "isal-1.8.0-cp314-cp314t-musllinux_1_2_x86_64.whl", hash = "sha256:914442a3da17812fc5ab136da6aad2c5cee59d17bb9382b59f7a55efeea28988"},
    {file = "isal-1.8.0-cp314-cp314t-win_amd64.whl", hash = "sha256:e76946e7455b1614a6a00bf9ec6444baa3a5217e6806836e0e9a271f0d18f84d"},
    {file = "isal-1.8.0.tar.gz", hash = "sha256:124233e9a31a62030a07aafd48c26689561926f4e10417ed3ea46c211218f2b4"},
]

[[package]]
name = "mypy-extensions"
version = "1.1.0"
requires_python = ">=3.8"
summary = "Type system extensions for programs checked with the mypy type checker."
groups = ["dev"]
files = [
    {file = "mypy_extensions-1.1.0-py3-none-any.whl", hash = "sha256:1be4cccdb0f2482337c4743e60421de3a356cd97508abadd57d47403e94f5505"},
    {file = "mypy_extensions-1.1.0.tar.gz", hash = "sha256:52e68efc3284861e772bbcd66823fde5ae21fd2fdb51c62a211403730b916558"},
]

[[package]]
name = "packaging"
version = "25.0"
requires_python = ">=3.8"
summary = "Core utilities for Python packages"
groups = ["dev"]
files = [
    {file = "packaging-25.0-py3-none-any.whl", hash = "sha256:29572ef2b1f17581046b3a2227d5c611fb25ec70ca1ba8554b24b0e69331a484"},
    {file = "packaging-25.0.tar.gz", hash = "sha256:d443872c98d677bf60f6a1f2f8c1cb748e8fe762d2bf9d3148b5599295b0fc4f"},
]

[[package]]
name = "pathspec"
version = "0.12.1"
requires_python = ">=3.8"
summary = "Utility library for gitignore style pattern matching of file paths."
groups = ["dev"]
files = [
    {file = "pathspec-0.12.1-py3-none-any.whl", hash = "sha256:a0d503e138a4c123b27490a4f7beda6a01c6f288df0e4a8b79c7eb0dc7b4cc08"},
    {file = "pathspec-0.12.1.tar.gz", hash = "sha256:a482d51503a1ab33b1c67a6c3813a26953dbdc71c31dacaef9a838c4e29f5712"},
]

[[package]]
name = "platformdirs"
version = "4.5.0"
requires_python = ">=3.10"
summary = "A small Python package for determining appropriate platform-specific dirs, e.g. a `user data dir`."
groups = ["dev"]
files = [
    {file = "platformdirs-4.5.0-py3-none-any.whl", hash = "sha256:e578a81bb873cbb89a41fcc904c7ef523cc18284b7e3b3ccf06aca1403b7ebd3"},
    {file = "platformdirs-4.5.0.tar.gz", hash = "sha256:70ddccdd7c99fc5942e9fc25636a8b34d04c24b335100223152c2803e4063312"},
]

[[package]]
name = "pydantic"
version = "2.12.4"
requires_python = ">=3.9"
summary = "Data validation using Python type hints"
groups = ["default"]
dependencies = [
    "annotated-types>=0.6.0",
    "pydantic-core==2.41.5",
    "typing-extensions>=4.14.1",
    "typing-inspection>=0.4.2",
]
files = [
    {file = "pydantic-2.12.4-py3-none-any.whl", hash = "sha256:92d3d202a745d46f9be6df459ac5a064fdaa3c1c4cd8adcfa332ccf3c05f871e"},
    {file = "pydantic-2.12.4.tar.gz", hash = "sha256:0f8cb9555000a4b5b617f66bfd2566264c4984b27589d3b845685983e8ea85ac"},
]

[[package]]
name = "pydantic-core"
version = "2.41.5"
requires_python = ">=3.9"
summary = "Core functionality for Pydantic validation and serialization"
groups = ["default"]
dependencies = [
    "typing-extensions>=4.14.1",
]
files = [
    {file = "pydantic_core-2.41.5-cp313-cp313-macosx_10_12_x86_64.whl", hash = "sha256:941103c9be18ac8daf7b7adca8228f8ed6bb7a1849020f643b3a14d15b1924d9"},
    {file = "pydantic_core-2.41.5-cp313-cp313-macosx_11_0_arm64.whl", hash = "sha256:112e305c3314f40c93998e567879e887a3160bb8689ef3d2c04b6cc62c33ac34"},
    {file = "pydantic_core-2.41.5-cp313-cp313-manylinux_2_17_aarch64.manylinux2014_aarch64.whl", hash = "sha256:0cbaad15cb0c90aa221d43c00e77bb33c93e8d36e0bf74760cd00e732d10a6a0"},
    {file = "pydantic_core-2.41.5-cp313-cp313-manylinux_2_17_armv7l.manylinux2014_armv7l.whl", hash = "sha256:03ca43e12fab6023fc79d28ca6b39b05f794ad08ec2feccc59a339b02f2b3d33"},
    {file = "pydantic_core-2.41.5-cp313-cp313-manylinux_2_17_ppc64le.manylinux2014_ppc64le.whl", hash = "sha256:dc799088c08fa04e43144b164feb0c13f9a0bc40503f8df3e9fde58a3c0c101e"},
    {file = "pydantic_core-2.41.5-cp313-cp313-manylinux_2_17_s390x.manylinux2014_s390x.whl", hash = "sha256:97aeba56665b4c3235a0e52b2c2f5ae9cd071b8a8310ad27bddb3f7fb30e9aa2"},
    {file = "pydantic_core-2.41.5-cp313-cp313-manylinux_2_17_x86_64.manylinux2014_x86_64.whl", hash = "sha256:406bf18d345822d6c21366031003612b9c77b3e29ffdb0f612367352aab7d586"},
    {file = "pydantic_core-2.41.5-cp313-cp313-manylinux_2_5_i686.manylinux1_i686.whl", hash = "sha256:b93590ae81f7010dbe380cdeab6f515902ebcbefe0b9327cc4804d74e93ae69d"},
    {file = "pydantic_core-2.41.5-cp313-cp313-musllinux_1_1_aarch64.whl", hash = "sha256:01a3d0ab748ee531f4ea6c3e48ad9dac84ddba4b0d82291f87248f2f9de8d740"},
    {file = "pydantic_core-2.41.5-cp313-cp313-musllinux_1_1_armv7l.whl", hash = "sha256:6561e94ba9dacc9c61bce40e2d6bdc3bfaa0259d3ff36ace3b1e6901936d2e3e"},
    {file = "pydantic_core-2.41.5-cp313-cp313-musllinux_1_1_x86_64.whl", hash = "sha256:915c3d10f81bec3a74fbd4faebe8391013ba61e5a1a8d48c4455b923bdda7858"},
    {file = "pydantic_core-2.41.5-cp313-cp313-win32.whl", hash = "sha256:650ae77860b45cfa6e2cdafc42618ceafab3a2d9a3811fcfbd3bbf8ac3c40d36"},
    {file = "pydantic_core-2.41.5-cp313-cp313-win_amd64.whl", hash = "sha256:79ec52ec461e99e13791ec6508c722742ad745571f234ea6255bed38c6480f11"},
    {file = "pydantic_core-2.41.5-cp313-cp313-win_arm64.whl", hash = "sha256:3f84d5c1b4ab906093bdc1ff10484838aca54ef08de4afa9de0f5f14d69639cd"},
    {file = "pydantic_core-2.41.5-cp314-cp314-macosx_10_12_x86_64.whl", hash = "sha256:3f37a19d7ebcdd20b96485056ba9e8b304e27d9904d233d7b1015db320e51f0a"},
    {file = "pydantic_core-2.41.5-cp314-cp314-macosx_11_0_arm64.whl", hash = "sha256:1d1d9764366c73f996edd17abb6d9d7649a7eb690006ab6adbda117717099b14"},
    {file = "pydantic_core-2.41.5-cp314-cp314-manylinux_2_17_aarch64.manylinux2014_aarch64.whl", hash = "sha256:25e1c2af0fce638d5f1988b686f3b3ea8cd7de5f244ca147c777769e798a9cd1"},
    {file = "pydantic_core-2.41.5-cp314-cp314-manylinux_2_17_armv7l.manylinux2014_armv7l.whl", hash = "sha256:506d766a8727beef16b7adaeb8ee6217c64fc813646b424d0804d67c16eddb66"},
    {file = "pydantic_core-2.41.5-cp314-cp314-manylinux_2_17_ppc64le.manylinux2014_ppc64le.whl", hash = "sha256:4819fa52133c9aa3c387b3328f25c1facc356491e6135b459f1de698ff64d869"},
    {file = "pydantic_core-2.41.5-cp314-cp314-manylinux_2_17_s390x.manylinux2014_s390x.whl", hash = "sha256:2b761d210c9ea91feda40d25b4efe82a1707da2ef62901466a42492c028553a2"},
    {file = "pydantic_core-2.41.5-cp314-cp314-manylinux_2_17_x86_64.manylinux2014_x86_64.whl", hash = "sha256:22f0fb8c1c583a3b6f24df2470833b40207e907b90c928cc8d3594b76f874375"},
    {file = "pydantic_core-2.41.5-cp314-cp314-manylinux_2_5_i686.manylinux1_i686.whl", hash = "sha256:2782c870e99878c634505236d81e5443092fba820f0373997ff75f90f68cd553"},
    {file = "pydantic_core-2.41.5-cp314-cp314-musllinux_1_1_aarch64.whl", hash = "sha256:0177272f88ab8312479336e1d777f6b124537d47f2123f89cb37e0accea97f90"},
    {file = "pydantic_core-2.41.5-cp314-cp314-musllinux_1_1_armv7l.whl", hash = "sha256:63510af5e38f8955b8ee5687740d6ebf7c2a0886d15a6d65c32814613681bc07"},
    {file = "pydantic_core-2.41.5-cp314-cp314-musllinux_1_1_x86_64.whl", hash = "sha256:e56ba91f47764cc14f1daacd723e3e82d1a89d783f0f5afe9c364b8bb491ccdb"},
    {file = "pydantic_core-2.41.5-cp314-cp314-win32.whl", hash = "sha256:aec5cf2fd867b4ff45b9959f8b20ea3993fc93e63c7363fe6851424c8a7e7c23"},
    {file = "pydantic_core-2.41.5-cp314-cp314-win_amd64.whl", hash = "sha256:8e7c86f27c585ef37c35e56a96363ab8de4e549a95512445b85c96d3e2f7c1bf"},
    {file = "pydantic_core-2.41.5-cp314-cp314-win_arm64.whl", hash = "sha256:e672ba74fbc2dc8eea59fb6d4aed6845e6905fc2a8afe93175d94a83ba2a01a0"},
    {file = "pydantic_core-2.41.5-cp314-cp314t-macosx_10_12_x86_64.whl", hash = "sha256:8566def80554c3faa0e65ac30ab0932b9e3a5cd7f8323764303d468e5c37595a"},
    {file = "pydantic_core-2.41.5-cp314-cp314t-macosx_11_0_arm64.whl", hash = "sha256:b80aa5095cd3109962a298ce14110ae16b8c1aece8b72f9dafe81cf597ad80b3"},
    {file = "pydantic_core-2.41.5-cp314-cp314t-manylinux_2_17_aarch64.manylinux2014_aarch64.whl", hash = "sha256:3006c3dd9ba34b0c094c544c6006cc79e87d8612999f1a5d43b769b89181f23c"},
    {file = "pydantic_core-2.41.5-cp314-cp314t-manylinux_2_17_armv7l.manylinux2014_armv7l.whl", hash = "sha256:72f6c8b11857a856bcfa48c86f5368439f74453563f951e473514579d44aa612"},
    {file = "pydantic_core-2.41.5-cp314-cp314t-manylinux_2_17_ppc64le.manylinux2014_ppc64le.whl", hash = "sha256:5cb1b2f9742240e4bb26b652a5aeb840aa4b417c7748b6f8387927bc6e45e40d"},
    {file = "pydantic_core-2.41.5-cp314-cp314t-manylinux_2_17_s390x.manylinux2014_s390x.whl", hash = "sha256:bd3d54f38609ff308209bd43acea66061494157703364ae40c951f83ba99a1a9"},
    {file = "pydantic_core-2.41.5-cp314-cp314t-manylinux_2_17_x86_64.manylinux2014_x86_64.whl", hash = "sha256:2ff4321e56e879ee8d2a879501c8e469414d948f4aba74a2d4593184eb326660"},
    {file = "pydantic_core-2.41.5-cp314-cp314t-manylinux_2_5_i686.manylinux1_i686.whl", hash = "sha256:d0d2568a8c11bf8225044aa94409e21da0cb09dcdafe9ecd10250b2baad531a9"},
    {file = "pydantic_core-2.41.5-cp314-cp314t-musllinux_1_1_aarch64.whl", hash = "sha256:a39455728aabd58ceabb03c90e12f71fd30fa69615760a075b9fec596456ccc3"},
    {file = "pydantic_core-2.41.5-cp314-cp314t-musllinux_1_1_armv7l.whl", hash = "sha256:239edca560d05757817c13dc17c50766136d21f7cd0fac50295499ae24f90fdf"},
    {file = "pydantic_core-2.41.5-cp314-cp314t-musllinux_1_1_x86_64.whl", hash = "sha256:2a5e06546e19f24c6a96a129142a75cee553cc018ffee48a460059b1185f4470"},
    {file = "pydantic_core-2.41.5-cp314-cp314t-win32.whl", hash = "sha256:b4ececa40ac28afa90871c2cc2b9ffd2ff0bf749380fbdf57d165fd23da353aa"},
    {file = "pydantic_core-2.41.5-cp314-cp314t-win_amd64.whl", hash = "sha256:80aa89cad80b32a912a65332f64a4450ed00966111b6615ca6816153d3585a8c"},
    {file = "pydantic_core-2.41.5-cp314-cp314t-win_arm64.whl", hash = "sha256:35b44f37a3199f771c3eaa53051bc8a70cd7b54f333531c59e29fd4db5d15008"},
    {file = "pydantic_core-2.41.5.tar.gz", hash = "sha256:08daa51ea16ad373ffd5e7606252cc32f07bc72b28284b6bc9c6df804816476e"},
]

[[package]]
name = "pytokens"
version = "0.3.0"
requires_python = ">=3.8"
summary = "A Fast, spec compliant Python 3.14+ tokenizer that runs on older Pythons."
groups = ["dev"]
files = [
    {file = "pytokens-0.3.0-py3-none-any.whl", hash = "sha256:95b2b5eaf832e469d141a378872480ede3f251a5a5041b8ec6e581d3ac71bbf3"},
    {file = "pytokens-0.3.0.tar.gz", hash = "sha256:2f932b14ed08de5fcf0b391ace2642f858f1394c0857202959000b68ed7a458a"},
]

[[package]]
name = "redis"
version = "7.0.1"
requires_python = ">=3.9"
summary = "Python client for Redis database and key-value store"
groups = ["default"]
dependencies = [
    "async-timeout>=4.0.3; python_full_version < \"3.11.3\"",
]
files = [
    {file = "redis-7.0.1-py3-none-any.whl", hash = "sha256:4977af3c7d67f8f0eb8b6fec0dafc9605db9343142f634041fb0235f67c0588a"},
    {file = "redis-7.0.1.tar.gz", hash = "sha256:c949df947dca995dc68fdf5a7863950bf6df24f8d6022394585acc98e81624f1"},
]

[[package]]
name = "redis"
version = "7.0.1"
extras = ["hiredis"]
requires_python = ">=3.9"
summary = "Python client for Redis database and key-value store"
groups = ["default"]
dependencies = [
    "hiredis>=3.2.0",
    "redis==7.0.1",
]
files = [
    {file = "redis-7.0.1-py3-none-any.whl", hash = "sha256:4977af3c7d67f8f0eb8b6fec0dafc9605db9343142f634041fb0235f67c0588a"},
    {file = "redis-7.0.1.tar.gz", hash = "sha256:c949df947dca995dc68fdf5a7863950bf6df24f8d6022394585acc98e81624f1"},
]

[[package]]
name = "sniffio"
version = "1.3.1"
requires_python = ">=3.7"
summary = "Sniff out which async library your code is running under"
groups = ["default"]
files = [
    {file = "sniffio-1.3.1-py3-none-any.whl", hash = "sha256:2f6da418d1f1e0fddd844478f41680e794e6051915791a034ff65e5f100525a2"},
    {file = "sniffio-1.3.1.tar.gz", hash = "sha256:f4324edc670a0f49750a81b895f35c3adb843cca46f0530f79fc1babb23789dc"},
]

[[package]]
name = "starlette"
version = "0.49.3"
requires_python = ">=3.9"
summary = "The little ASGI library that shines."
groups = ["default"]
dependencies = [
    "anyio<5,>=3.6.2",
    "typing-extensions>=4.10.0; python_version < \"3.13\"",
]
files = [
    {file = "starlette-0.49.3-py3-none-any.whl", hash = "sha256:b579b99715fdc2980cf88c8ec96d3bf1ce16f5a8051a7c2b84ef9b1cdecaea2f"},
    {file = "starlette-0.49.3.tar.gz", hash = "sha256:1c14546f299b5901a1ea0e34410575bc33bbd741377a10484a54445588d00284"},
]

[[package]]
name = "typing-extensions"
version = "4.15.0"
requires_python = ">=3.9"
summary = "Backported and Experimental Type Hints for Python 3.9+"
groups = ["default"]
files = [
    {file = "typing_extensions-4.15.0-py3-none-any.whl", hash = "sha256:f0fa19c6845758ab08074a0cfa8b7aecb71c999ca73d62883bc25cc018c4e548"},
    {file = "typing_extensions-4.15.0.tar.gz", hash = "sha256:0cea48d173cc12fa28ecabc3b837ea3cf6f38c6d1136f85cbaaf598984861466"},
]

[[package]]
name = "typing-inspection"
version = "0.4.2"
requires_python = ">=3.9"
summary = "Runtime typing introspection tools"
groups = ["default"]
dependencies = [
    "typing-extensions>=4.12.0",
]
files = [
    {file = "typing_inspection-0.4.2-py3-none-any.whl", hash = "sha256:4ed1cacbdc298c220f1bd249ed5287caa16f34d44ef4e9c3d0cbad5b521545e7"},
    {file = "typing_inspection-0.4.2.tar.gz", hash = "sha256:ba561c48a67c5958007083d386c3295464928b01faa735ab8547c5692e87f464"},
]

[[package]]
name = "xopen"
version = "2.0.2"
requires_python = ">=3.8"
summary = "Open compressed files transparently"
groups = ["default"]
dependencies = [
    "isal>=1.6.1; platform_machine == \"x86_64\" or platform_machine == \"AMD64\" or platform_machine == \"aarch64\"",
    "zlib-ng>=0.4.1; platform_machine == \"x86_64\" or platform_machine == \"AMD64\" or platform_machine == \"aarch64\"",
]
files = [
    {file = "xopen-2.0.2-py3-none-any.whl", hash = "sha256:74e7f7fb7e7f42bd843c798595fa5a52086d7d1bf3de0e8513c6615516431313"},
    {file = "xopen-2.0.2.tar.gz", hash = "sha256:f19d83de470f5a81725df0140180ec71d198311a1d7dad48f5467b4ad5df6154"},
]

[[package]]
name = "zlib-ng"
version = "1.0.0"
requires_python = ">=3.9"
summary = "Drop-in replacement for zlib and gzip modules using zlib-ng"
groups = ["default"]
marker = "platform_machine == \"x86_64\" or platform_machine == \"AMD64\" or platform_machine == \"aarch64\""
files = [
    {file = "zlib_ng-1.0.0-cp313-cp313-macosx_10_13_x86_64.whl", hash = "sha256:79b172c6046d8be48500e95e3b6858056a8dfeb95c57d0403c6e7e874bcb87d9"},
    {file = "zlib_ng-1.0.0-cp313-cp313-macosx_11_0_arm64.whl", hash = "sha256:8da943c739ffc86679979dcb654294e6bf7d40829de7dca43d453b46b251435c"},
    {file = "zlib_ng-1.0.0-cp313-cp313-manylinux2014_aarch64.manylinux_2_17_aarch64.manylinux_2_28_aarch64.whl", hash = "sha256:377dd5ee851e8fea0f81811866eb0463d3e7c781d4c5fd89401ef69036befce3"},
    {file = "zlib_ng-1.0.0-cp313-cp313-manylinux2014_x86_64.manylinux_2_17_x86_64.manylinux_2_28_x86_64.whl", hash = "sha256:1e7a8baaa2c766c6ae60417612ce2d8cd08555596662d6b4b5c594095dffaed5"},
    {file = "zlib_ng-1.0.0-cp313-cp313-musllinux_1_2_aarch64.whl", hash = "sha256:fef21e3c5528e008ac4fc7932d373ba9854090830731db9051c2a9344ae26579"},
    {file = "zlib_ng-1.0.0-cp313-cp313-musllinux_1_2_x86_64.whl", hash = "sha256:4c30a1c8394d9c48fd9c5290355d00b6fd06f661b3c454d1747c62269e917cdd"},
    {file = "zlib_ng-1.0.0-cp313-cp313-win_amd64.whl", hash = "sha256:6ecf6ab9b7cb31ae192f469d7f1bcc1cae8314c7baf78bb174d43eb9a6e73f0d"},
    {file = "zlib_ng-1.0.0-cp314-cp314-macosx_10_13_x86_64.whl", hash = "sha256:616348ca549ba1ee286ab0c276af91f846fca07b602edc21ecf3ba6d36211a4b"},
    {file = "zlib_ng-1.0.0-cp314-cp314-macosx_11_0_arm64.whl", hash = "sha256:f6ef47f702374a2d0fbba709bf85cd124f3e83002ca4d51ecff55ad385ee2e44"},
    {file = "zlib_ng-1.0.0-cp314-cp314-manylinux2014_aarch64.manylinux_2_17_aarch64.manylinux_2_28_aarch64.whl", hash = "sha256:501bc6fb57063e107e767ab6079cb8db98d6bacd48f4e04cb3f2ff887604e87d"},
    {file = "zlib_ng-1.0.0-cp314-cp314-manylinux2014_x86_64.manylinux_2_17_x86_64.manylinux_2_28_x86_64.whl", hash = "sha256:0610467509e477b5813c0182bdcffa78b0509c03291f3a83cd844959add609b9"},
    {file = "zlib_ng-1.0.0-cp314-cp314-musllinux_1_2_aarch64.whl", hash = "sha256:a68ed1ac533c60fa9edcca857a8ef394cc340d442d79a50256a2fd8646458f20"},
    {file = "zlib_ng-1.0.0-cp314-cp314-musllinux_1_2_x86_64.whl", hash = "sha256:034c0693a4e88b71866044e386184dedaef5e258fadb756c080fde5c609bcde1"},
    {file = "zlib_ng-1.0.0-cp314-cp314-win_amd64.whl", hash = "sha256:a499413d424fd16c8a245e9dd09206f5574ec93be383a22616fb31d7be82ab75"},
    {file = "zlib_ng-1.0.0-cp314-cp314t-macosx_10_13_x86_64.whl", hash = "sha256:f903cb4d076ced4628284a76e5aed7b2a9e61a3c1fbe9416feaed1239d6b36ef"},
    {file = "zlib_ng-1.0.0-cp314-cp314t-macosx_11_0_arm64.whl", hash = "sha256:0175e33a1faf96f184cfa4c0aa542ce4146acca02f4f3420ce50e0541c926d80"},
    {file = "zlib_ng-1.0.0-cp314-cp314t-manylinux2014_aarch64.manylinux_2_17_aarch64.manylinux_2_28_aarch64.whl", hash = "sha256:1b7d4aa8a2f165582eb2345817b4ae2fb3a90d87e9eabe2d2f1d16a14c3c14d6"},
    {file = "zlib_ng-1.0.0-cp314-cp314t-manylinux2014_x86_64.manylinux_2_17_x86_64.manylinux_2_28_x86_64.whl", hash = "sha256:0da75a236bbc05b2adfd83c42bd768fbcbf665e9423e5f893f79cf7b1fcf35da"},
    {file = "zlib_ng-1.0.0-cp314-cp314t-musllinux_1_2_aarch64.whl", hash = "sha256:538fbc57f29d8a1508346813e7c349286a12155de61bad862169261c3237b996"},
    {file = "zlib_ng-1.0.0-cp314-cp314t-musllinux_1_2_x86_64.whl", hash = "sha256:67990ae37dca082e190487aa1af58452c474dcf137b39df736c23e91f7b0915b"},
    {file = "zlib_ng-1.0.0-cp314-cp314t-win_amd64.whl", hash = "sha256:76b3832ce6b1b04ccd1efb58d4f37fabbb83eb946ea2710c19d586a9d9a4a45b"},
    {file = "zlib_ng-1.0.0.tar.gz", hash = "sha256:c753cea73f9e803c246e9bf01a59eb652897ed8a19334ada0f968394c7f61650"},
]
